
Microsoft Visual Studio Solution File, Format Version 12.00
# Visual Studio 14
VisualStudioVersion = 14.0.25420.1
MinimumVisualStudioVersion = 10.0.40219.1
Project("{FAE04EC0-301F-11D3-BF4B-00C04F79EFBC}") = "PROJECT_MIA_BETA_5", "PROJECT_MIA_BETA_5\PROJECT_MIA_BETA_5.csproj", "{35B39F81-BF0F-4042-9A7D-B044E020C44F}"
EndProject
Project("{54435603-DBB4-11D2-8724-00A0C9A8B90C}") = "PROJECT MIA beta 5", "PROJECT MIA beta 5\PROJECT MIA beta 5.vdproj", "{CD0289FB-7182-4F8D-8C72-95C922B59502}"
EndProject
Project("{54435603-DBB4-11D2-8724-00A0C9A8B90C}") = "MIA_installer", "MIA_installer\MIA_installer.vdproj", "{B7044AD9-B58F-4D13-B547-1FFD4E4BC0F7}"
EndProject
Global
	GlobalSection(SolutionConfigurationPlatforms) = preSolution
		Debug|Any CPU = Debug|Any CPU
		Release|Any CPU = Release|Any CPU
	EndGlobalSection
	GlobalSection(ProjectConfigurationPlatforms) = postSolution
		{35B39F81-BF0F-4042-9A7D-B044E020C44F}.Debug|Any CPU.ActiveCfg = Debug|Any CPU
		{35B39F81-BF0F-4042-9A7D-B044E020C44F}.Debug|Any CPU.Build.0 = Debug|Any CPU
		{35B39F81-BF0F-4042-9A7D-B044E020C44F}.Release|Any CPU.ActiveCfg = Release|Any CPU
		{35B39F81-BF0F-4042-9A7D-B044E020C44F}.Release|Any CPU.Build.0 = Release|Any CPU
		{CD0289FB-7182-4F8D-8C72-95C922B59502}.Debug|Any CPU.ActiveCfg = Debug
		{CD0289FB-7182-4F8D-8C72-95C922B59502}.Release|Any CPU.ActiveCfg = Release
		{B7044AD9-B58F-4D13-B547-1FFD4E4BC0F7}.Debug|Any CPU.ActiveCfg = Debug
		{B7044AD9-B58F-4D13-B547-1FFD4E4BC0F7}.Release|Any CPU.ActiveCfg = Release
	EndGlobalSection
	GlobalSection(SolutionProperties) = preSolution
		HideSolutionNode = FALSE
	EndGlobalSection
EndGlobal
